// !$*UTF8*$!
{
	archiveVersion = 1;
	classes = {
	};
	objectVersion = 56;
	objects = {

/* Begin PBXBuildFile section */
		4D43DEAE28A7576A00FCA6F2 /* BottomBar.xib in Resources */ = {isa = PBXBuildFile; fileRef = 4D43DEAA28A7576A00FCA6F2 /* BottomBar.xib */; };
		4D43DEAF28A7576A00FCA6F2 /* BottomBarCell.xib in Resources */ = {isa = PBXBuildFile; fileRef = 4D43DEAB28A7576A00FCA6F2 /* BottomBarCell.xib */; };
		4D43DEB028A7576A00FCA6F2 /* BottomBarCell.swift in Sources */ = {isa = PBXBuildFile; fileRef = 4D43DEAC28A7576A00FCA6F2 /* BottomBarCell.swift */; };
		4D43DEB128A7576A00FCA6F2 /* BottomBar.swift in Sources */ = {isa = PBXBuildFile; fileRef = 4D43DEAD28A7576A00FCA6F2 /* BottomBar.swift */; };
		4D43DEB328A7586B00FCA6F2 /* Extension.swift in Sources */ = {isa = PBXBuildFile; fileRef = 4D43DEB228A7586B00FCA6F2 /* Extension.swift */; };
		4D43DEB528A7613000FCA6F2 /* HomeViewController.swift in Sources */ = {isa = PBXBuildFile; fileRef = 4D43DEB428A7613000FCA6F2 /* HomeViewController.swift */; };
		4D43DEB728A7723400FCA6F2 /* Home Data Models.swift in Sources */ = {isa = PBXBuildFile; fileRef = 4D43DEB628A7723400FCA6F2 /* Home Data Models.swift */; };
		4D43DEB928A772E100FCA6F2 /* HomeData.json in Resources */ = {isa = PBXBuildFile; fileRef = 4D43DEB828A772E100FCA6F2 /* HomeData.json */; };
		4D43DEBB28A7736F00FCA6F2 /* Logger.swift in Sources */ = {isa = PBXBuildFile; fileRef = 4D43DEBA28A7736F00FCA6F2 /* Logger.swift */; };
		4D43DEBE28A7765600FCA6F2 /* PosterCell.swift in Sources */ = {isa = PBXBuildFile; fileRef = 4D43DEBC28A7765600FCA6F2 /* PosterCell.swift */; };
		4D43DEBF28A7765600FCA6F2 /* PosterCell.xib in Resources */ = {isa = PBXBuildFile; fileRef = 4D43DEBD28A7765600FCA6F2 /* PosterCell.xib */; };
		4D43DEC228A776B100FCA6F2 /* ShowsCell.swift in Sources */ = {isa = PBXBuildFile; fileRef = 4D43DEC028A776B100FCA6F2 /* ShowsCell.swift */; };
		4D43DEC328A776B100FCA6F2 /* ShowsCell.xib in Resources */ = {isa = PBXBuildFile; fileRef = 4D43DEC128A776B100FCA6F2 /* ShowsCell.xib */; };
		4D43DEC628A7770C00FCA6F2 /* HeaderCollectionReusableView.xib in Resources */ = {isa = PBXBuildFile; fileRef = 4D43DEC428A7770C00FCA6F2 /* HeaderCollectionReusableView.xib */; };
		4D43DEC728A7770C00FCA6F2 /* HeaderCollectionReusableView.swift in Sources */ = {isa = PBXBuildFile; fileRef = 4D43DEC528A7770C00FCA6F2 /* HeaderCollectionReusableView.swift */; };
		4D43DECA28A78B1000FCA6F2 /* Kingfisher in Frameworks */ = {isa = PBXBuildFile; productRef = 4D43DEC928A78B1000FCA6F2 /* Kingfisher */; };
		4D43DECD28A7AD0600FCA6F2 /* BackgroundCollectionReusableView.xib in Resources */ = {isa = PBXBuildFile; fileRef = 4D43DECB28A7AD0600FCA6F2 /* BackgroundCollectionReusableView.xib */; };
		4D43DECE28A7AD0600FCA6F2 /* BackgroundCollectionReusableView.swift in Sources */ = {isa = PBXBuildFile; fileRef = 4D43DECC28A7AD0600FCA6F2 /* BackgroundCollectionReusableView.swift */; };
		4D43DED528A83BC400FCA6F2 /* AccountViewController.swift in Sources */ = {isa = PBXBuildFile; fileRef = 4D43DED328A83BC400FCA6F2 /* AccountViewController.swift */; };
		4D43DED928A83EF300FCA6F2 /* AccountCell.swift in Sources */ = {isa = PBXBuildFile; fileRef = 4D43DED728A83EF300FCA6F2 /* AccountCell.swift */; };
		4D43DEDA28A83EF300FCA6F2 /* AccountCell.xib in Resources */ = {isa = PBXBuildFile; fileRef = 4D43DED828A83EF300FCA6F2 /* AccountCell.xib */; };
		4D43DEDD28A8434C00FCA6F2 /* AccountHeader.xib in Resources */ = {isa = PBXBuildFile; fileRef = 4D43DEDB28A8434C00FCA6F2 /* AccountHeader.xib */; };
		4D43DEDE28A8434C00FCA6F2 /* AccountHeader.swift in Sources */ = {isa = PBXBuildFile; fileRef = 4D43DEDC28A8434C00FCA6F2 /* AccountHeader.swift */; };
		4D43DEE028A84FD000FCA6F2 /* DownloadViewController.swift in Sources */ = {isa = PBXBuildFile; fileRef = 4D43DEDF28A84FD000FCA6F2 /* DownloadViewController.swift */; };
		4D43DEE228A84FEF00FCA6F2 /* UpcomingViewController.swift in Sources */ = {isa = PBXBuildFile; fileRef = 4D43DEE128A84FEF00FCA6F2 /* UpcomingViewController.swift */; };
		4DA6C6DD2894DB35001BF3ED /* AppDelegate.swift in Sources */ = {isa = PBXBuildFile; fileRef = 4DA6C6DC2894DB35001BF3ED /* AppDelegate.swift */; };
		4DA6C6DF2894DB35001BF3ED /* SceneDelegate.swift in Sources */ = {isa = PBXBuildFile; fileRef = 4DA6C6DE2894DB35001BF3ED /* SceneDelegate.swift */; };
		4DA6C6E12894DB35001BF3ED /* ContainerViewController.swift in Sources */ = {isa = PBXBuildFile; fileRef = 4DA6C6E02894DB35001BF3ED /* ContainerViewController.swift */; };
		4DA6C6E42894DB35001BF3ED /* Main.storyboard in Resources */ = {isa = PBXBuildFile; fileRef = 4DA6C6E22894DB35001BF3ED /* Main.storyboard */; };
		4DA6C6E62894DB38001BF3ED /* Assets.xcassets in Resources */ = {isa = PBXBuildFile; fileRef = 4DA6C6E52894DB38001BF3ED /* Assets.xcassets */; };
		4DA6C6E92894DB38001BF3ED /* LaunchScreen.storyboard in Resources */ = {isa = PBXBuildFile; fileRef = 4DA6C6E72894DB38001BF3ED /* LaunchScreen.storyboard */; };
		4DA6C6F42894DB38001BF3ED /* HoichoiTests.swift in Sources */ = {isa = PBXBuildFile; fileRef = 4DA6C6F32894DB38001BF3ED /* HoichoiTests.swift */; };
		4DA6C6FE2894DB38001BF3ED /* HoichoiUITests.swift in Sources */ = {isa = PBXBuildFile; fileRef = 4DA6C6FD2894DB38001BF3ED /* HoichoiUITests.swift */; };
		4DA6C7002894DB38001BF3ED /* HoichoiUITestsLaunchTests.swift in Sources */ = {isa = PBXBuildFile; fileRef = 4DA6C6FF2894DB38001BF3ED /* HoichoiUITestsLaunchTests.swift */; };
/* End PBXBuildFile section */

/* Begin PBXContainerItemProxy section */
		4DA6C6F02894DB38001BF3ED /* PBXContainerItemProxy */ = {
			isa = PBXContainerItemProxy;
			containerPortal = 4DA6C6D12894DB35001BF3ED /* Project object */;
			proxyType = 1;
			remoteGlobalIDString = 4DA6C6D82894DB35001BF3ED;
			remoteInfo = Hoichoi;
		};
		4DA6C6FA2894DB38001BF3ED /* PBXContainerItemProxy */ = {
			isa = PBXContainerItemProxy;
			containerPortal = 4DA6C6D12894DB35001BF3ED /* Project object */;
			proxyType = 1;
			remoteGlobalIDString = 4DA6C6D82894DB35001BF3ED;
			remoteInfo = Hoichoi;
		};
/* End PBXContainerItemProxy section */

/* Begin PBXFileReference section */
		4D43DEAA28A7576A00FCA6F2 /* BottomBar.xib */ = {isa = PBXFileReference; fileEncoding = 4; lastKnownFileType = file.xib; path = BottomBar.xib; sourceTree = "<group>"; };
		4D43DEAB28A7576A00FCA6F2 /* BottomBarCell.xib */ = {isa = PBXFileReference; fileEncoding = 4; lastKnownFileType = file.xib; path = BottomBarCell.xib; sourceTree = "<group>"; };
		4D43DEAC28A7576A00FCA6F2 /* BottomBarCell.swift */ = {isa = PBXFileReference; fileEncoding = 4; lastKnownFileType = sourcecode.swift; path = BottomBarCell.swift; sourceTree = "<group>"; };
		4D43DEAD28A7576A00FCA6F2 /* BottomBar.swift */ = {isa = PBXFileReference; fileEncoding = 4; lastKnownFileType = sourcecode.swift; path = BottomBar.swift; sourceTree = "<group>"; };
		4D43DEB228A7586B00FCA6F2 /* Extension.swift */ = {isa = PBXFileReference; lastKnownFileType = sourcecode.swift; path = Extension.swift; sourceTree = "<group>"; };
		4D43DEB428A7613000FCA6F2 /* HomeViewController.swift */ = {isa = PBXFileReference; lastKnownFileType = sourcecode.swift; path = HomeViewController.swift; sourceTree = "<group>"; };
		4D43DEB628A7723400FCA6F2 /* Home Data Models.swift */ = {isa = PBXFileReference; lastKnownFileType = sourcecode.swift; path = "Home Data Models.swift"; sourceTree = "<group>"; };
		4D43DEB828A772E100FCA6F2 /* HomeData.json */ = {isa = PBXFileReference; lastKnownFileType = text.json; path = HomeData.json; sourceTree = "<group>"; };
		4D43DEBA28A7736F00FCA6F2 /* Logger.swift */ = {isa = PBXFileReference; lastKnownFileType = sourcecode.swift; path = Logger.swift; sourceTree = "<group>"; };
		4D43DEBC28A7765600FCA6F2 /* PosterCell.swift */ = {isa = PBXFileReference; lastKnownFileType = sourcecode.swift; path = PosterCell.swift; sourceTree = "<group>"; };
		4D43DEBD28A7765600FCA6F2 /* PosterCell.xib */ = {isa = PBXFileReference; lastKnownFileType = file.xib; path = PosterCell.xib; sourceTree = "<group>"; };
		4D43DEC028A776B100FCA6F2 /* ShowsCell.swift */ = {isa = PBXFileReference; lastKnownFileType = sourcecode.swift; path = ShowsCell.swift; sourceTree = "<group>"; };
		4D43DEC128A776B100FCA6F2 /* ShowsCell.xib */ = {isa = PBXFileReference; lastKnownFileType = file.xib; path = ShowsCell.xib; sourceTree = "<group>"; };
		4D43DEC428A7770C00FCA6F2 /* HeaderCollectionReusableView.xib */ = {isa = PBXFileReference; fileEncoding = 4; lastKnownFileType = file.xib; path = HeaderCollectionReusableView.xib; sourceTree = "<group>"; };
		4D43DEC528A7770C00FCA6F2 /* HeaderCollectionReusableView.swift */ = {isa = PBXFileReference; fileEncoding = 4; lastKnownFileType = sourcecode.swift; path = HeaderCollectionReusableView.swift; sourceTree = "<group>"; };
		4D43DECB28A7AD0600FCA6F2 /* BackgroundCollectionReusableView.xib */ = {isa = PBXFileReference; fileEncoding = 4; lastKnownFileType = file.xib; path = BackgroundCollectionReusableView.xib; sourceTree = "<group>"; };
		4D43DECC28A7AD0600FCA6F2 /* BackgroundCollectionReusableView.swift */ = {isa = PBXFileReference; fileEncoding = 4; lastKnownFileType = sourcecode.swift; path = BackgroundCollectionReusableView.swift; sourceTree = "<group>"; };
		4D43DED328A83BC400FCA6F2 /* AccountViewController.swift */ = {isa = PBXFileReference; lastKnownFileType = sourcecode.swift; path = AccountViewController.swift; sourceTree = "<group>"; };
		4D43DED728A83EF300FCA6F2 /* AccountCell.swift */ = {isa = PBXFileReference; lastKnownFileType = sourcecode.swift; path = AccountCell.swift; sourceTree = "<group>"; };
		4D43DED828A83EF300FCA6F2 /* AccountCell.xib */ = {isa = PBXFileReference; lastKnownFileType = file.xib; path = AccountCell.xib; sourceTree = "<group>"; };
		4D43DEDB28A8434C00FCA6F2 /* AccountHeader.xib */ = {isa = PBXFileReference; fileEncoding = 4; lastKnownFileType = file.xib; path = AccountHeader.xib; sourceTree = "<group>"; };
		4D43DEDC28A8434C00FCA6F2 /* AccountHeader.swift */ = {isa = PBXFileReference; fileEncoding = 4; lastKnownFileType = sourcecode.swift; path = AccountHeader.swift; sourceTree = "<group>"; };
		4D43DEDF28A84FD000FCA6F2 /* DownloadViewController.swift */ = {isa = PBXFileReference; lastKnownFileType = sourcecode.swift; path = DownloadViewController.swift; sourceTree = "<group>"; };
		4D43DEE128A84FEF00FCA6F2 /* UpcomingViewController.swift */ = {isa = PBXFileReference; lastKnownFileType = sourcecode.swift; path = UpcomingViewController.swift; sourceTree = "<group>"; };
		4DA6C6D92894DB35001BF3ED /* Hoichoi.app */ = {isa = PBXFileReference; explicitFileType = wrapper.application; includeInIndex = 0; path = Hoichoi.app; sourceTree = BUILT_PRODUCTS_DIR; };
		4DA6C6DC2894DB35001BF3ED /* AppDelegate.swift */ = {isa = PBXFileReference; lastKnownFileType = sourcecode.swift; path = AppDelegate.swift; sourceTree = "<group>"; };
		4DA6C6DE2894DB35001BF3ED /* SceneDelegate.swift */ = {isa = PBXFileReference; lastKnownFileType = sourcecode.swift; path = SceneDelegate.swift; sourceTree = "<group>"; };
		4DA6C6E02894DB35001BF3ED /* ContainerViewController.swift */ = {isa = PBXFileReference; lastKnownFileType = sourcecode.swift; path = ContainerViewController.swift; sourceTree = "<group>"; };
		4DA6C6E32894DB35001BF3ED /* Base */ = {isa = PBXFileReference; lastKnownFileType = file.storyboard; name = Base; path = Base.lproj/Main.storyboard; sourceTree = "<group>"; };
		4DA6C6E52894DB38001BF3ED /* Assets.xcassets */ = {isa = PBXFileReference; lastKnownFileType = folder.assetcatalog; path = Assets.xcassets; sourceTree = "<group>"; };
		4DA6C6E82894DB38001BF3ED /* Base */ = {isa = PBXFileReference; lastKnownFileType = file.storyboard; name = Base; path = Base.lproj/LaunchScreen.storyboard; sourceTree = "<group>"; };
		4DA6C6EA2894DB38001BF3ED /* Info.plist */ = {isa = PBXFileReference; lastKnownFileType = text.plist.xml; path = Info.plist; sourceTree = "<group>"; };
		4DA6C6EF2894DB38001BF3ED /* HoichoiTests.xctest */ = {isa = PBXFileReference; explicitFileType = wrapper.cfbundle; includeInIndex = 0; path = HoichoiTests.xctest; sourceTree = BUILT_PRODUCTS_DIR; };
		4DA6C6F32894DB38001BF3ED /* HoichoiTests.swift */ = {isa = PBXFileReference; lastKnownFileType = sourcecode.swift; path = HoichoiTests.swift; sourceTree = "<group>"; };
		4DA6C6F92894DB38001BF3ED /* HoichoiUITests.xctest */ = {isa = PBXFileReference; explicitFileType = wrapper.cfbundle; includeInIndex = 0; path = HoichoiUITests.xctest; sourceTree = BUILT_PRODUCTS_DIR; };
		4DA6C6FD2894DB38001BF3ED /* HoichoiUITests.swift */ = {isa = PBXFileReference; lastKnownFileType = sourcecode.swift; path = HoichoiUITests.swift; sourceTree = "<group>"; };
		4DA6C6FF2894DB38001BF3ED /* HoichoiUITestsLaunchTests.swift */ = {isa = PBXFileReference; lastKnownFileType = sourcecode.swift; path = HoichoiUITestsLaunchTests.swift; sourceTree = "<group>"; };
/* End PBXFileReference section */

/* Begin PBXFrameworksBuildPhase section */
		4DA6C6D62894DB35001BF3ED /* Frameworks */ = {
			isa = PBXFrameworksBuildPhase;
			buildActionMask = 2147483647;
			files = (
				4D43DECA28A78B1000FCA6F2 /* Kingfisher in Frameworks */,
			);
			runOnlyForDeploymentPostprocessing = 0;
		};
		4DA6C6EC2894DB38001BF3ED /* Frameworks */ = {
			isa = PBXFrameworksBuildPhase;
			buildActionMask = 2147483647;
			files = (
			);
			runOnlyForDeploymentPostprocessing = 0;
		};
		4DA6C6F62894DB38001BF3ED /* Frameworks */ = {
			isa = PBXFrameworksBuildPhase;
			buildActionMask = 2147483647;
			files = (
			);
			runOnlyForDeploymentPostprocessing = 0;
		};
/* End PBXFrameworksBuildPhase section */

/* Begin PBXGroup section */
		4D43DEA928A7574700FCA6F2 /* Bottom bar */ = {
			isa = PBXGroup;
			children = (
				4D43DEAD28A7576A00FCA6F2 /* BottomBar.swift */,
				4D43DEAA28A7576A00FCA6F2 /* BottomBar.xib */,
				4D43DEAC28A7576A00FCA6F2 /* BottomBarCell.swift */,
				4D43DEAB28A7576A00FCA6F2 /* BottomBarCell.xib */,
			);
			path = "Bottom bar";
			sourceTree = "<group>";
		};
		4D43DECF28A8392F00FCA6F2 /* Cell & Headers */ = {
			isa = PBXGroup;
			children = (
				4D43DECC28A7AD0600FCA6F2 /* BackgroundCollectionReusableView.swift */,
				4D43DECB28A7AD0600FCA6F2 /* BackgroundCollectionReusableView.xib */,
				4D43DEDC28A8434C00FCA6F2 /* AccountHeader.swift */,
				4D43DEDB28A8434C00FCA6F2 /* AccountHeader.xib */,
				4D43DEC528A7770C00FCA6F2 /* HeaderCollectionReusableView.swift */,
				4D43DEC428A7770C00FCA6F2 /* HeaderCollectionReusableView.xib */,
				4D43DEC028A776B100FCA6F2 /* ShowsCell.swift */,
				4D43DEC128A776B100FCA6F2 /* ShowsCell.xib */,
				4D43DEBC28A7765600FCA6F2 /* PosterCell.swift */,
				4D43DEBD28A7765600FCA6F2 /* PosterCell.xib */,
				4D43DED728A83EF300FCA6F2 /* AccountCell.swift */,
				4D43DED828A83EF300FCA6F2 /* AccountCell.xib */,
			);
			path = "Cell & Headers";
			sourceTree = "<group>";
		};
		4D43DED028A8395A00FCA6F2 /* Custom */ = {
			isa = PBXGroup;
			children = (
				4D43DEA928A7574700FCA6F2 /* Bottom bar */,
				4D43DEB228A7586B00FCA6F2 /* Extension.swift */,
				4D43DEBA28A7736F00FCA6F2 /* Logger.swift */,
			);
			path = Custom;
			sourceTree = "<group>";
		};
		4D43DED128A8397000FCA6F2 /* View Controllers */ = {
			isa = PBXGroup;
			children = (
				4DA6C6E02894DB35001BF3ED /* ContainerViewController.swift */,
				4D43DEB428A7613000FCA6F2 /* HomeViewController.swift */,
				4D43DED328A83BC400FCA6F2 /* AccountViewController.swift */,
				4D43DEDF28A84FD000FCA6F2 /* DownloadViewController.swift */,
				4D43DEE128A84FEF00FCA6F2 /* UpcomingViewController.swift */,
			);
			path = "View Controllers";
			sourceTree = "<group>";
		};
		4D43DED228A839A000FCA6F2 /* Resources */ = {
			isa = PBXGroup;
			children = (
				4DA6C6E52894DB38001BF3ED /* Assets.xcassets */,
				4DA6C6E72894DB38001BF3ED /* LaunchScreen.storyboard */,
				4DA6C6EA2894DB38001BF3ED /* Info.plist */,
				4D43DEB628A7723400FCA6F2 /* Home Data Models.swift */,
				4D43DEB828A772E100FCA6F2 /* HomeData.json */,
			);
			path = Resources;
			sourceTree = "<group>";
		};
		4DA6C6D02894DB35001BF3ED = {
			isa = PBXGroup;
			children = (
				4DA6C6DB2894DB35001BF3ED /* Hoichoi */,
				4DA6C6F22894DB38001BF3ED /* HoichoiTests */,
				4DA6C6FC2894DB38001BF3ED /* HoichoiUITests */,
				4DA6C6DA2894DB35001BF3ED /* Products */,
			);
			sourceTree = "<group>";
		};
		4DA6C6DA2894DB35001BF3ED /* Products */ = {
			isa = PBXGroup;
			children = (
				4DA6C6D92894DB35001BF3ED /* Hoichoi.app */,
				4DA6C6EF2894DB38001BF3ED /* HoichoiTests.xctest */,
				4DA6C6F92894DB38001BF3ED /* HoichoiUITests.xctest */,
			);
			name = Products;
			sourceTree = "<group>";
		};
		4DA6C6DB2894DB35001BF3ED /* Hoichoi */ = {
			isa = PBXGroup;
			children = (
				4D43DED128A8397000FCA6F2 /* View Controllers */,
				4D43DED028A8395A00FCA6F2 /* Custom */,
				4D43DECF28A8392F00FCA6F2 /* Cell & Headers */,
				4DA6C6DE2894DB35001BF3ED /* SceneDelegate.swift */,
				4DA6C6DC2894DB35001BF3ED /* AppDelegate.swift */,
				4DA6C6E22894DB35001BF3ED /* Main.storyboard */,
				4D43DED228A839A000FCA6F2 /* Resources */,
			);
			path = Hoichoi;
			sourceTree = "<group>";
		};
		4DA6C6F22894DB38001BF3ED /* HoichoiTests */ = {
			isa = PBXGroup;
			children = (
				4DA6C6F32894DB38001BF3ED /* HoichoiTests.swift */,
			);
			path = HoichoiTests;
			sourceTree = "<group>";
		};
		4DA6C6FC2894DB38001BF3ED /* HoichoiUITests */ = {
			isa = PBXGroup;
			children = (
				4DA6C6FD2894DB38001BF3ED /* HoichoiUITests.swift */,
				4DA6C6FF2894DB38001BF3ED /* HoichoiUITestsLaunchTests.swift */,
			);
			path = HoichoiUITests;
			sourceTree = "<group>";
		};
/* End PBXGroup section */

/* Begin PBXNativeTarget section */
		4DA6C6D82894DB35001BF3ED /* Hoichoi */ = {
			isa = PBXNativeTarget;
			buildConfigurationList = 4DA6C7032894DB38001BF3ED /* Build configuration list for PBXNativeTarget "Hoichoi" */;
			buildPhases = (
				4DA6C6D52894DB35001BF3ED /* Sources */,
				4DA6C6D62894DB35001BF3ED /* Frameworks */,
				4DA6C6D72894DB35001BF3ED /* Resources */,
			);
			buildRules = (
			);
			dependencies = (
			);
			name = Hoichoi;
			packageProductDependencies = (
				4D43DEC928A78B1000FCA6F2 /* Kingfisher */,
			);
			productName = Hoichoi;
			productReference = 4DA6C6D92894DB35001BF3ED /* Hoichoi.app */;
			productType = "com.apple.product-type.application";
		};
		4DA6C6EE2894DB38001BF3ED /* HoichoiTests */ = {
			isa = PBXNativeTarget;
			buildConfigurationList = 4DA6C7062894DB38001BF3ED /* Build configuration list for PBXNativeTarget "HoichoiTests" */;
			buildPhases = (
				4DA6C6EB2894DB38001BF3ED /* Sources */,
				4DA6C6EC2894DB38001BF3ED /* Frameworks */,
				4DA6C6ED2894DB38001BF3ED /* Resources */,
			);
			buildRules = (
			);
			dependencies = (
				4DA6C6F12894DB38001BF3ED /* PBXTargetDependency */,
			);
			name = HoichoiTests;
			productName = HoichoiTests;
			productReference = 4DA6C6EF2894DB38001BF3ED /* HoichoiTests.xctest */;
			productType = "com.apple.product-type.bundle.unit-test";
		};
		4DA6C6F82894DB38001BF3ED /* HoichoiUITests */ = {
			isa = PBXNativeTarget;
			buildConfigurationList = 4DA6C7092894DB38001BF3ED /* Build configuration list for PBXNativeTarget "HoichoiUITests" */;
			buildPhases = (
				4DA6C6F52894DB38001BF3ED /* Sources */,
				4DA6C6F62894DB38001BF3ED /* Frameworks */,
				4DA6C6F72894DB38001BF3ED /* Resources */,
			);
			buildRules = (
			);
			dependencies = (
				4DA6C6FB2894DB38001BF3ED /* PBXTargetDependency */,
			);
			name = HoichoiUITests;
			productName = HoichoiUITests;
			productReference = 4DA6C6F92894DB38001BF3ED /* HoichoiUITests.xctest */;
			productType = "com.apple.product-type.bundle.ui-testing";
		};
/* End PBXNativeTarget section */

/* Begin PBXProject section */
		4DA6C6D12894DB35001BF3ED /* Project object */ = {
			isa = PBXProject;
			attributes = {
				BuildIndependentTargetsInParallel = 1;
				LastSwiftUpdateCheck = 1400;
				LastUpgradeCheck = 1400;
				TargetAttributes = {
					4DA6C6D82894DB35001BF3ED = {
						CreatedOnToolsVersion = 14.0;
					};
					4DA6C6EE2894DB38001BF3ED = {
						CreatedOnToolsVersion = 14.0;
						TestTargetID = 4DA6C6D82894DB35001BF3ED;
					};
					4DA6C6F82894DB38001BF3ED = {
						CreatedOnToolsVersion = 14.0;
						TestTargetID = 4DA6C6D82894DB35001BF3ED;
					};
				};
			};
			buildConfigurationList = 4DA6C6D42894DB35001BF3ED /* Build configuration list for PBXProject "Hoichoi" */;
			compatibilityVersion = "Xcode 14.0";
			developmentRegion = en;
			hasScannedForEncodings = 0;
			knownRegions = (
				en,
				Base,
			);
			mainGroup = 4DA6C6D02894DB35001BF3ED;
			packageReferences = (
				4D43DEC828A78B1000FCA6F2 /* XCRemoteSwiftPackageReference "Kingfisher" */,
			);
			productRefGroup = 4DA6C6DA2894DB35001BF3ED /* Products */;
			projectDirPath = "";
			projectRoot = "";
			targets = (
				4DA6C6D82894DB35001BF3ED /* Hoichoi */,
				4DA6C6EE2894DB38001BF3ED /* HoichoiTests */,
				4DA6C6F82894DB38001BF3ED /* HoichoiUITests */,
			);
		};
/* End PBXProject section */

/* Begin PBXResourcesBuildPhase section */
		4DA6C6D72894DB35001BF3ED /* Resources */ = {
			isa = PBXResourcesBuildPhase;
			buildActionMask = 2147483647;
			files = (
				4D43DEBF28A7765600FCA6F2 /* PosterCell.xib in Resources */,
				4D43DEAE28A7576A00FCA6F2 /* BottomBar.xib in Resources */,
				4D43DEC628A7770C00FCA6F2 /* HeaderCollectionReusableView.xib in Resources */,
				4D43DEC328A776B100FCA6F2 /* ShowsCell.xib in Resources */,
				4D43DEDD28A8434C00FCA6F2 /* AccountHeader.xib in Resources */,
				4DA6C6E92894DB38001BF3ED /* LaunchScreen.storyboard in Resources */,
				4D43DEB928A772E100FCA6F2 /* HomeData.json in Resources */,
				4D43DEDA28A83EF300FCA6F2 /* AccountCell.xib in Resources */,
				4DA6C6E62894DB38001BF3ED /* Assets.xcassets in Resources */,
				4D43DECD28A7AD0600FCA6F2 /* BackgroundCollectionReusableView.xib in Resources */,
				4D43DEAF28A7576A00FCA6F2 /* BottomBarCell.xib in Resources */,
				4DA6C6E42894DB35001BF3ED /* Main.storyboard in Resources */,
			);
			runOnlyForDeploymentPostprocessing = 0;
		};
		4DA6C6ED2894DB38001BF3ED /* Resources */ = {
			isa = PBXResourcesBuildPhase;
			buildActionMask = 2147483647;
			files = (
			);
			runOnlyForDeploymentPostprocessing = 0;
		};
		4DA6C6F72894DB38001BF3ED /* Resources */ = {
			isa = PBXResourcesBuildPhase;
			buildActionMask = 2147483647;
			files = (
			);
			runOnlyForDeploymentPostprocessing = 0;
		};
/* End PBXResourcesBuildPhase section */

/* Begin PBXSourcesBuildPhase section */
		4DA6C6D52894DB35001BF3ED /* Sources */ = {
			isa = PBXSourcesBuildPhase;
			buildActionMask = 2147483647;
			files = (
				4D43DEB028A7576A00FCA6F2 /* BottomBarCell.swift in Sources */,
				4D43DEB128A7576A00FCA6F2 /* BottomBar.swift in Sources */,
				4D43DEE028A84FD000FCA6F2 /* DownloadViewController.swift in Sources */,
				4D43DED528A83BC400FCA6F2 /* AccountViewController.swift in Sources */,
				4DA6C6E12894DB35001BF3ED /* ContainerViewController.swift in Sources */,
				4D43DEDE28A8434C00FCA6F2 /* AccountHeader.swift in Sources */,
				4D43DEB728A7723400FCA6F2 /* Home Data Models.swift in Sources */,
				4D43DEC728A7770C00FCA6F2 /* HeaderCollectionReusableView.swift in Sources */,
				4D43DEBB28A7736F00FCA6F2 /* Logger.swift in Sources */,
				4D43DEB328A7586B00FCA6F2 /* Extension.swift in Sources */,
				4D43DEBE28A7765600FCA6F2 /* PosterCell.swift in Sources */,
				4DA6C6DD2894DB35001BF3ED /* AppDelegate.swift in Sources */,
				4D43DEE228A84FEF00FCA6F2 /* UpcomingViewController.swift in Sources */,
				4D43DECE28A7AD0600FCA6F2 /* BackgroundCollectionReusableView.swift in Sources */,
				4D43DED928A83EF300FCA6F2 /* AccountCell.swift in Sources */,
				4D43DEB528A7613000FCA6F2 /* HomeViewController.swift in Sources */,
				4D43DEC228A776B100FCA6F2 /* ShowsCell.swift in Sources */,
				4DA6C6DF2894DB35001BF3ED /* SceneDelegate.swift in Sources */,
			);
			runOnlyForDeploymentPostprocessing = 0;
		};
		4DA6C6EB2894DB38001BF3ED /* Sources */ = {
			isa = PBXSourcesBuildPhase;
			buildActionMask = 2147483647;
			files = (
				4DA6C6F42894DB38001BF3ED /* HoichoiTests.swift in Sources */,
			);
			runOnlyForDeploymentPostprocessing = 0;
		};
		4DA6C6F52894DB38001BF3ED /* Sources */ = {
			isa = PBXSourcesBuildPhase;
			buildActionMask = 2147483647;
			files = (
				4DA6C7002894DB38001BF3ED /* HoichoiUITestsLaunchTests.swift in Sources */,
				4DA6C6FE2894DB38001BF3ED /* HoichoiUITests.swift in Sources */,
			);
			runOnlyForDeploymentPostprocessing = 0;
		};
/* End PBXSourcesBuildPhase section */

/* Begin PBXTargetDependency section */
		4DA6C6F12894DB38001BF3ED /* PBXTargetDependency */ = {
			isa = PBXTargetDependency;
			target = 4DA6C6D82894DB35001BF3ED /* Hoichoi */;
			targetProxy = 4DA6C6F02894DB38001BF3ED /* PBXContainerItemProxy */;
		};
		4DA6C6FB2894DB38001BF3ED /* PBXTargetDependency */ = {
			isa = PBXTargetDependency;
			target = 4DA6C6D82894DB35001BF3ED /* Hoichoi */;
			targetProxy = 4DA6C6FA2894DB38001BF3ED /* PBXContainerItemProxy */;
		};
/* End PBXTargetDependency section */

/* Begin PBXVariantGroup section */
		4DA6C6E22894DB35001BF3ED /* Main.storyboard */ = {
			isa = PBXVariantGroup;
			children = (
				4DA6C6E32894DB35001BF3ED /* Base */,
			);
			name = Main.storyboard;
			sourceTree = "<group>";
		};
		4DA6C6E72894DB38001BF3ED /* LaunchScreen.storyboard */ = {
			isa = PBXVariantGroup;
			children = (
				4DA6C6E82894DB38001BF3ED /* Base */,
			);
			name = LaunchScreen.storyboard;
			sourceTree = "<group>";
		};
/* End PBXVariantGroup section */

/* Begin XCBuildConfiguration section */
		4DA6C7012894DB38001BF3ED /* Debug */ = {
			isa = XCBuildConfiguration;
			buildSettings = {
				ALWAYS_SEARCH_USER_PATHS = NO;
				CLANG_ANALYZER_NONNULL = YES;
				CLANG_ANALYZER_NUMBER_OBJECT_CONVERSION = YES_AGGRESSIVE;
				CLANG_CXX_LANGUAGE_STANDARD = "gnu++20";
				CLANG_ENABLE_MODULES = YES;
				CLANG_ENABLE_OBJC_ARC = YES;
				CLANG_ENABLE_OBJC_WEAK = YES;
				CLANG_WARN_BLOCK_CAPTURE_AUTORELEASING = YES;
				CLANG_WARN_BOOL_CONVERSION = YES;
				CLANG_WARN_COMMA = YES;
				CLANG_WARN_CONSTANT_CONVERSION = YES;
				CLANG_WARN_DEPRECATED_OBJC_IMPLEMENTATIONS = YES;
				CLANG_WARN_DIRECT_OBJC_ISA_USAGE = YES_ERROR;
				CLANG_WARN_DOCUMENTATION_COMMENTS = YES;
				CLANG_WARN_EMPTY_BODY = YES;
				CLANG_WARN_ENUM_CONVERSION = YES;
				CLANG_WARN_INFINITE_RECURSION = YES;
				CLANG_WARN_INT_CONVERSION = YES;
				CLANG_WARN_NON_LITERAL_NULL_CONVERSION = YES;
				CLANG_WARN_OBJC_IMPLICIT_RETAIN_SELF = YES;
				CLANG_WARN_OBJC_LITERAL_CONVERSION = YES;
				CLANG_WARN_OBJC_ROOT_CLASS = YES_ERROR;
				CLANG_WARN_QUOTED_INCLUDE_IN_FRAMEWORK_HEADER = YES;
				CLANG_WARN_RANGE_LOOP_ANALYSIS = YES;
				CLANG_WARN_STRICT_PROTOTYPES = YES;
				CLANG_WARN_SUSPICIOUS_MOVE = YES;
				CLANG_WARN_UNGUARDED_AVAILABILITY = YES_AGGRESSIVE;
				CLANG_WARN_UNREACHABLE_CODE = YES;
				CLANG_WARN__DUPLICATE_METHOD_MATCH = YES;
				COPY_PHASE_STRIP = NO;
				DEBUG_INFORMATION_FORMAT = dwarf;
				ENABLE_STRICT_OBJC_MSGSEND = YES;
				ENABLE_TESTABILITY = YES;
				GCC_C_LANGUAGE_STANDARD = gnu11;
				GCC_DYNAMIC_NO_PIC = NO;
				GCC_NO_COMMON_BLOCKS = YES;
				GCC_OPTIMIZATION_LEVEL = 0;
				GCC_PREPROCESSOR_DEFINITIONS = (
					"DEBUG=1",
					"$(inherited)",
				);
				GCC_WARN_64_TO_32_BIT_CONVERSION = YES;
				GCC_WARN_ABOUT_RETURN_TYPE = YES_ERROR;
				GCC_WARN_UNDECLARED_SELECTOR = YES;
				GCC_WARN_UNINITIALIZED_AUTOS = YES_AGGRESSIVE;
				GCC_WARN_UNUSED_FUNCTION = YES;
				GCC_WARN_UNUSED_VARIABLE = YES;
				IPHONEOS_DEPLOYMENT_TARGET = 16.0;
				MTL_ENABLE_DEBUG_INFO = INCLUDE_SOURCE;
				MTL_FAST_MATH = YES;
				ONLY_ACTIVE_ARCH = YES;
				SDKROOT = iphoneos;
				SWIFT_ACTIVE_COMPILATION_CONDITIONS = DEBUG;
				SWIFT_OPTIMIZATION_LEVEL = "-Onone";
			};
			name = Debug;
		};
		4DA6C7022894DB38001BF3ED /* Release */ = {
			isa = XCBuildConfiguration;
			buildSettings = {
				ALWAYS_SEARCH_USER_PATHS = NO;
				CLANG_ANALYZER_NONNULL = YES;
				CLANG_ANALYZER_NUMBER_OBJECT_CONVERSION = YES_AGGRESSIVE;
				CLANG_CXX_LANGUAGE_STANDARD = "gnu++20";
				CLANG_ENABLE_MODULES = YES;
				CLANG_ENABLE_OBJC_ARC = YES;
				CLANG_ENABLE_OBJC_WEAK = YES;
				CLANG_WARN_BLOCK_CAPTURE_AUTORELEASING = YES;
				CLANG_WARN_BOOL_CONVERSION = YES;
				CLANG_WARN_COMMA = YES;
				CLANG_WARN_CONSTANT_CONVERSION = YES;
				CLANG_WARN_DEPRECATED_OBJC_IMPLEMENTATIONS = YES;
				CLANG_WARN_DIRECT_OBJC_ISA_USAGE = YES_ERROR;
				CLANG_WARN_DOCUMENTATION_COMMENTS = YES;
				CLANG_WARN_EMPTY_BODY = YES;
				CLANG_WARN_ENUM_CONVERSION = YES;
				CLANG_WARN_INFINITE_RECURSION = YES;
				CLANG_WARN_INT_CONVERSION = YES;
				CLANG_WARN_NON_LITERAL_NULL_CONVERSION = YES;
				CLANG_WARN_OBJC_IMPLICIT_RETAIN_SELF = YES;
				CLANG_WARN_OBJC_LITERAL_CONVERSION = YES;
				CLANG_WARN_OBJC_ROOT_CLASS = YES_ERROR;
				CLANG_WARN_QUOTED_INCLUDE_IN_FRAMEWORK_HEADER = YES;
				CLANG_WARN_RANGE_LOOP_ANALYSIS = YES;
				CLANG_WARN_STRICT_PROTOTYPES = YES;
				CLANG_WARN_SUSPICIOUS_MOVE = YES;
				CLANG_WARN_UNGUARDED_AVAILABILITY = YES_AGGRESSIVE;
				CLANG_WARN_UNREACHABLE_CODE = YES;
				CLANG_WARN__DUPLICATE_METHOD_MATCH = YES;
				COPY_PHASE_STRIP = NO;
				DEBUG_INFORMATION_FORMAT = "dwarf-with-dsym";
				ENABLE_NS_ASSERTIONS = NO;
				ENABLE_STRICT_OBJC_MSGSEND = YES;
				GCC_C_LANGUAGE_STANDARD = gnu11;
				GCC_NO_COMMON_BLOCKS = YES;
				GCC_WARN_64_TO_32_BIT_CONVERSION = YES;
				GCC_WARN_ABOUT_RETURN_TYPE = YES_ERROR;
				GCC_WARN_UNDECLARED_SELECTOR = YES;
				GCC_WARN_UNINITIALIZED_AUTOS = YES_AGGRESSIVE;
				GCC_WARN_UNUSED_FUNCTION = YES;
				GCC_WARN_UNUSED_VARIABLE = YES;
				IPHONEOS_DEPLOYMENT_TARGET = 16.0;
				MTL_ENABLE_DEBUG_INFO = NO;
				MTL_FAST_MATH = YES;
				SDKROOT = iphoneos;
				SWIFT_COMPILATION_MODE = wholemodule;
				SWIFT_OPTIMIZATION_LEVEL = "-O";
				VALIDATE_PRODUCT = YES;
			};
			name = Release;
		};
		4DA6C7042894DB38001BF3ED /* Debug */ = {
			isa = XCBuildConfiguration;
			buildSettings = {
				ASSETCATALOG_COMPILER_APPICON_NAME = AppIcon;
				ASSETCATALOG_COMPILER_GLOBAL_ACCENT_COLOR_NAME = AccentColor;
				CODE_SIGN_STYLE = Automatic;
				CURRENT_PROJECT_VERSION = 1;
				DEVELOPMENT_TEAM = LE26N533N6;
				GENERATE_INFOPLIST_FILE = YES;
				INFOPLIST_FILE = Hoichoi/Resources/Info.plist;
				INFOPLIST_KEY_UIApplicationSupportsIndirectInputEvents = YES;
				INFOPLIST_KEY_UILaunchStoryboardName = LaunchScreen;
				INFOPLIST_KEY_UIMainStoryboardFile = Main;
				INFOPLIST_KEY_UISupportedInterfaceOrientations_iPad = "UIInterfaceOrientationPortrait UIInterfaceOrientationPortraitUpsideDown UIInterfaceOrientationLandscapeLeft UIInterfaceOrientationLandscapeRight";
				INFOPLIST_KEY_UISupportedInterfaceOrientations_iPhone = "UIInterfaceOrientationPortrait UIInterfaceOrientationLandscapeLeft UIInterfaceOrientationLandscapeRight";
				INFOPLIST_KEY_UIUserInterfaceStyle = Dark;
				LD_RUNPATH_SEARCH_PATHS = (
					"$(inherited)",
					"@executable_path/Frameworks",
				);
				MARKETING_VERSION = 1.0;
				PRODUCT_BUNDLE_IDENTIFIER = com.paragon.casadigi4;
				PRODUCT_NAME = "$(TARGET_NAME)";
				SWIFT_EMIT_LOC_STRINGS = YES;
				SWIFT_VERSION = 5.0;
				TARGETED_DEVICE_FAMILY = "1,2";
			};
			name = Debug;
		};
		4DA6C7052894DB38001BF3ED /* Release */ = {
			isa = XCBuildConfiguration;
			buildSettings = {
				ASSETCATALOG_COMPILER_APPICON_NAME = AppIcon;
				ASSETCATALOG_COMPILER_GLOBAL_ACCENT_COLOR_NAME = AccentColor;
				CODE_SIGN_STYLE = Automatic;
				CURRENT_PROJECT_VERSION = 1;
				DEVELOPMENT_TEAM = LE26N533N6;
				GENERATE_INFOPLIST_FILE = YES;
				INFOPLIST_FILE = Hoichoi/Resources/Info.plist;
				INFOPLIST_KEY_UIApplicationSupportsIndirectInputEvents = YES;
				INFOPLIST_KEY_UILaunchStoryboardName = LaunchScreen;
				INFOPLIST_KEY_UIMainStoryboardFile = Main;
				INFOPLIST_KEY_UISupportedInterfaceOrientations_iPad = "UIInterfaceOrientationPortrait UIInterfaceOrientationPortraitUpsideDown UIInterfaceOrientationLandscapeLeft UIInterfaceOrientationLandscapeRight";
				INFOPLIST_KEY_UISupportedInterfaceOrientations_iPhone = "UIInterfaceOrientationPortrait UIInterfaceOrientationLandscapeLeft UIInterfaceOrientationLandscapeRight";
				INFOPLIST_KEY_UIUserInterfaceStyle = Dark;
				LD_RUNPATH_SEARCH_PATHS = (
					"$(inherited)",
					"@executable_path/Frameworks",
				);
				MARKETING_VERSION = 1.0;
				PRODUCT_BUNDLE_IDENTIFIER = com.paragon.casadigi4;
				PRODUCT_NAME = "$(TARGET_NAME)";
				SWIFT_EMIT_LOC_STRINGS = YES;
				SWIFT_VERSION = 5.0;
				TARGETED_DEVICE_FAMILY = "1,2";
			};
			name = Release;
		};
		4DA6C7072894DB38001BF3ED /* Debug */ = {
			isa = XCBuildConfiguration;
			buildSettings = {
				ALWAYS_EMBED_SWIFT_STANDARD_LIBRARIES = YES;
				BUNDLE_LOADER = "$(TEST_HOST)";
				CODE_SIGN_STYLE = Automatic;
				CURRENT_PROJECT_VERSION = 1;
				GENERATE_INFOPLIST_FILE = YES;
				IPHONEOS_DEPLOYMENT_TARGET = 16.0;
				MARKETING_VERSION = 1.0;
				PRODUCT_BUNDLE_IDENTIFIER = com.apple.userApp.HoichoiTests;
				PRODUCT_NAME = "$(TARGET_NAME)";
				SWIFT_EMIT_LOC_STRINGS = NO;
				SWIFT_VERSION = 5.0;
				TARGETED_DEVICE_FAMILY = "1,2";
				TEST_HOST = "$(BUILT_PRODUCTS_DIR)/Hoichoi.app/$(BUNDLE_EXECUTABLE_FOLDER_PATH)/Hoichoi";
			};
			name = Debug;
		};
		4DA6C7082894DB38001BF3ED /* Release */ = {
			isa = XCBuildConfiguration;
			buildSettings = {
				ALWAYS_EMBED_SWIFT_STANDARD_LIBRARIES = YES;
				BUNDLE_LOADER = "$(TEST_HOST)";
				CODE_SIGN_STYLE = Automatic;
				CURRENT_PROJECT_VERSION = 1;
				GENERATE_INFOPLIST_FILE = YES;
				IPHONEOS_DEPLOYMENT_TARGET = 16.0;
				MARKETING_VERSION = 1.0;
				PRODUCT_BUNDLE_IDENTIFIER = com.apple.userApp.HoichoiTests;
				PRODUCT_NAME = "$(TARGET_NAME)";
				SWIFT_EMIT_LOC_STRINGS = NO;
				SWIFT_VERSION = 5.0;
				TARGETED_DEVICE_FAMILY = "1,2";
				TEST_HOST = "$(BUILT_PRODUCTS_DIR)/Hoichoi.app/$(BUNDLE_EXECUTABLE_FOLDER_PATH)/Hoichoi";
			};
			name = Release;
		};
		4DA6C70A2894DB38001BF3ED /* Debug */ = {
			isa = XCBuildConfiguration;
			buildSettings = {
				ALWAYS_EMBED_SWIFT_STANDARD_LIBRARIES = YES;
				CODE_SIGN_STYLE = Automatic;
				CURRENT_PROJECT_VERSION = 1;
				GENERATE_INFOPLIST_FILE = YES;
				MARKETING_VERSION = 1.0;
				PRODUCT_BUNDLE_IDENTIFIER = com.apple.userApp.HoichoiUITests;
				PRODUCT_NAME = "$(TARGET_NAME)";
				SWIFT_EMIT_LOC_STRINGS = NO;
				SWIFT_VERSION = 5.0;
				TARGETED_DEVICE_FAMILY = "1,2";
				TEST_TARGET_NAME = Hoichoi;
			};
			name = Debug;
		};
		4DA6C70B2894DB38001BF3ED /* Release */ = {
			isa = XCBuildConfiguration;
			buildSettings = {
				ALWAYS_EMBED_SWIFT_STANDARD_LIBRARIES = YES;
				CODE_SIGN_STYLE = Automatic;
				CURRENT_PROJECT_VERSION = 1;
				GENERATE_INFOPLIST_FILE = YES;
				MARKETING_VERSION = 1.0;
				PRODUCT_BUNDLE_IDENTIFIER = com.apple.userApp.HoichoiUITests;
				PRODUCT_NAME = "$(TARGET_NAME)";
				SWIFT_EMIT_LOC_STRINGS = NO;
				SWIFT_VERSION = 5.0;
				TARGETED_DEVICE_FAMILY = "1,2";
				TEST_TARGET_NAME = Hoichoi;
			};
			name = Release;
		};
/* End XCBuildConfiguration section */

/* Begin XCConfigurationList section */
		4DA6C6D42894DB35001BF3ED /* Build configuration list for PBXProject "Hoichoi" */ = {
			isa = XCConfigurationList;
			buildConfigurations = (
				4DA6C7012894DB38001BF3ED /* Debug */,
				4DA6C7022894DB38001BF3ED /* Release */,
			);
			defaultConfigurationIsVisible = 0;
			defaultConfigurationName = Release;
		};
		4DA6C7032894DB38001BF3ED /* Build configuration list for PBXNativeTarget "Hoichoi" */ = {
			isa = XCConfigurationList;
			buildConfigurations = (
				4DA6C7042894DB38001BF3ED /* Debug */,
				4DA6C7052894DB38001BF3ED /* Release */,
			);
			defaultConfigurationIsVisible = 0;
			defaultConfigurationName = Release;
		};
		4DA6C7062894DB38001BF3ED /* Build configuration list for PBXNativeTarget "HoichoiTests" */ = {
			isa = XCConfigurationList;
			buildConfigurations = (
				4DA6C7072894DB38001BF3ED /* Debug */,
				4DA6C7082894DB38001BF3ED /* Release */,
			);
			defaultConfigurationIsVisible = 0;
			defaultConfigurationName = Release;
		};
		4DA6C7092894DB38001BF3ED /* Build configuration list for PBXNativeTarget "HoichoiUITests" */ = {
			isa = XCConfigurationList;
			buildConfigurations = (
				4DA6C70A2894DB38001BF3ED /* Debug */,
				4DA6C70B2894DB38001BF3ED /* Release */,
			);
			defaultConfigurationIsVisible = 0;
			defaultConfigurationName = Release;
		};
/* End XCConfigurationList section */

/* Begin XCRemoteSwiftPackageReference section */
		4D43DEC828A78B1000FCA6F2 /* XCRemoteSwiftPackageReference "Kingfisher" */ = {
			isa = XCRemoteSwiftPackageReference;
			repositoryURL = "https://github.com/onevcat/Kingfisher.git";
			requirement = {
				kind = upToNextMajorVersion;
				minimumVersion = 7.0.0;
			};
		};
/* End XCRemoteSwiftPackageReference section */

/* Begin XCSwiftPackageProductDependency section */
		4D43DEC928A78B1000FCA6F2 /* Kingfisher */ = {
			isa = XCSwiftPackageProductDependency;
			package = 4D43DEC828A78B1000FCA6F2 /* XCRemoteSwiftPackageReference "Kingfisher" */;
			productName = Kingfisher;
		};
/* End XCSwiftPackageProductDependency section */
	};
	rootObject = 4DA6C6D12894DB35001BF3ED /* Project object */;
}
